// !$*UTF8*$!
{
	archiveVersion = 1;
	classes = {
	};
	objectVersion = 51;
	objects = {

/* Begin PBXBuildFile section */
		970099BA2805F1B600AADBB4 /* VisualEffectView.swift in Sources */ = {isa = PBXBuildFile; fileRef = 970099B92805F1B600AADBB4 /* VisualEffectView.swift */; };
		9701352A2809D6D90074BCA9 /* countries.swift in Sources */ = {isa = PBXBuildFile; fileRef = 970135292809D6D90074BCA9 /* countries.swift */; };
		9705F5AB2807C8FD007F1BD1 /* Color.swift in Sources */ = {isa = PBXBuildFile; fileRef = 9705F5AA2807C8FD007F1BD1 /* Color.swift */; };
		9738CBA5280DE26B003E26B9 /* VerificationView.swift in Sources */ = {isa = PBXBuildFile; fileRef = 9738CBA4280DE26B003E26B9 /* VerificationView.swift */; };
		9738CBA7280DE8FC003E26B9 /* customNumberPad.swift in Sources */ = {isa = PBXBuildFile; fileRef = 9738CBA6280DE8FC003E26B9 /* customNumberPad.swift */; };
		9738CBA9280DEF25003E26B9 /* AlertView.swift in Sources */ = {isa = PBXBuildFile; fileRef = 9738CBA8280DEF25003E26B9 /* AlertView.swift */; };
		973A76CF281903D900008684 /* Header.swift in Sources */ = {isa = PBXBuildFile; fileRef = 973A76CE281903D900008684 /* Header.swift */; };
		973A76D12819049000008684 /* SettingsView.swift in Sources */ = {isa = PBXBuildFile; fileRef = 973A76D02819049000008684 /* SettingsView.swift */; };
		973A76D3281904D300008684 /* Search.swift in Sources */ = {isa = PBXBuildFile; fileRef = 973A76D2281904D300008684 /* Search.swift */; };
		973A76E92819065200008684 /* FirebaseStorage.framework in Frameworks */ = {isa = PBXBuildFile; fileRef = 973A76D42819064100008684 /* FirebaseStorage.framework */; };
		973A76EA2819065200008684 /* GoogleDataTransportCCTSupport.framework in Frameworks */ = {isa = PBXBuildFile; fileRef = 973A76D52819064200008684 /* GoogleDataTransportCCTSupport.framework */; };
		973A76EB2819065200008684 /* BoringSSL-GRPC.framework in Frameworks */ = {isa = PBXBuildFile; fileRef = 973A76D62819064200008684 /* BoringSSL-GRPC.framework */; };
		973A76EC2819065200008684 /* GoogleDataTransport.framework in Frameworks */ = {isa = PBXBuildFile; fileRef = 973A76D72819064200008684 /* GoogleDataTransport.framework */; };
		973A76ED2819065200008684 /* gRPC-Core.framework in Frameworks */ = {isa = PBXBuildFile; fileRef = 973A76D82819064200008684 /* gRPC-Core.framework */; };
		973A76EE2819065200008684 /* abseil.framework in Frameworks */ = {isa = PBXBuildFile; fileRef = 973A76D92819064300008684 /* abseil.framework */; };
		973A76EF2819065200008684 /* GoogleUtilities.framework in Frameworks */ = {isa = PBXBuildFile; fileRef = 973A76DA2819064300008684 /* GoogleUtilities.framework */; };
		973A76F02819065200008684 /* GoogleAppMeasurement.framework in Frameworks */ = {isa = PBXBuildFile; fileRef = 973A76DB2819064500008684 /* GoogleAppMeasurement.framework */; };
		973A76F12819065200008684 /* gRPC-C++.framework in Frameworks */ = {isa = PBXBuildFile; fileRef = 973A76DC2819064700008684 /* gRPC-C++.framework */; };
		973A76F22819065200008684 /* FirebaseCoreDiagnostics.framework in Frameworks */ = {isa = PBXBuildFile; fileRef = 973A76DD2819064800008684 /* FirebaseCoreDiagnostics.framework */; };
		973A76F32819065200008684 /* Firebase.framework in Frameworks */ = {isa = PBXBuildFile; fileRef = 973A76DE2819064900008684 /* Firebase.framework */; };
		973A76F42819065200008684 /* FirebaseCore.framework in Frameworks */ = {isa = PBXBuildFile; fileRef = 973A76DF2819064A00008684 /* FirebaseCore.framework */; };
		973A76F52819065200008684 /* FIRAnalyticsConnector.framework in Frameworks */ = {isa = PBXBuildFile; fileRef = 973A76E02819064B00008684 /* FIRAnalyticsConnector.framework */; };
		973A76F62819065200008684 /* FirebaseFirestore.framework in Frameworks */ = {isa = PBXBuildFile; fileRef = 973A76E12819064B00008684 /* FirebaseFirestore.framework */; };
		973A76F72819065200008684 /* FirebaseAuth.framework in Frameworks */ = {isa = PBXBuildFile; fileRef = 973A76E22819064C00008684 /* FirebaseAuth.framework */; };
		973A76F82819065200008684 /* GTMSessionFetcher.framework in Frameworks */ = {isa = PBXBuildFile; fileRef = 973A76E32819064C00008684 /* GTMSessionFetcher.framework */; };
		973A76F92819065200008684 /* FirebaseAnalytics.framework in Frameworks */ = {isa = PBXBuildFile; fileRef = 973A76E42819064D00008684 /* FirebaseAnalytics.framework */; };
		973A76FA2819065200008684 /* leveldb-library.framework in Frameworks */ = {isa = PBXBuildFile; fileRef = 973A76E52819064E00008684 /* leveldb-library.framework */; };
		973A76FB2819065200008684 /* nanopb.framework in Frameworks */ = {isa = PBXBuildFile; fileRef = 973A76E62819065000008684 /* nanopb.framework */; };
		973A76FC2819065200008684 /* PromisesObjC.framework in Frameworks */ = {isa = PBXBuildFile; fileRef = 973A76E72819065100008684 /* PromisesObjC.framework */; };
		973A76FD2819065200008684 /* FirebaseInstallations.framework in Frameworks */ = {isa = PBXBuildFile; fileRef = 973A76E82819065200008684 /* FirebaseInstallations.framework */; };
		9747459B268D087300CA3F3A /* AlertWithTextField.swift in Sources */ = {isa = PBXBuildFile; fileRef = 9747459A268D087300CA3F3A /* AlertWithTextField.swift */; };
		9761AC4328189FD900F7887D /* LaunchScreen.storyboard in Resources */ = {isa = PBXBuildFile; fileRef = 9761AC4228189FD900F7887D /* LaunchScreen.storyboard */; };
		9761AC462818A3E400F7887D /* Jomhuria-Regular.ttf in Resources */ = {isa = PBXBuildFile; fileRef = 9761AC452818A3E400F7887D /* Jomhuria-Regular.ttf */; };
		9790FADE2818D98A00832534 /* String.swift in Sources */ = {isa = PBXBuildFile; fileRef = 9790FADD2818D98A00832534 /* String.swift */; };
		9795774828187AAF00E31768 /* SignInExtension.swift in Sources */ = {isa = PBXBuildFile; fileRef = 9795773E28187AAD00E31768 /* SignInExtension.swift */; };
		9795774928187AAF00E31768 /* SignIn.swift in Sources */ = {isa = PBXBuildFile; fileRef = 9795773F28187AAD00E31768 /* SignIn.swift */; };
		9795774A28187AAF00E31768 /* SignInViewModel.swift in Sources */ = {isa = PBXBuildFile; fileRef = 9795774028187AAD00E31768 /* SignInViewModel.swift */; };
		9795774B28187AAF00E31768 /* SignUpViewModel.swift in Sources */ = {isa = PBXBuildFile; fileRef = 9795774228187AAE00E31768 /* SignUpViewModel.swift */; };
		9795774C28187AAF00E31768 /* SignUpExtesion.swift in Sources */ = {isa = PBXBuildFile; fileRef = 9795774328187AAE00E31768 /* SignUpExtesion.swift */; };
		9795774D28187AAF00E31768 /* ForgetPasswordExtension.swift in Sources */ = {isa = PBXBuildFile; fileRef = 9795774528187AAF00E31768 /* ForgetPasswordExtension.swift */; };
		9795774E28187AAF00E31768 /* ForgotPasswordViewModel.swift in Sources */ = {isa = PBXBuildFile; fileRef = 9795774628187AAF00E31768 /* ForgotPasswordViewModel.swift */; };
		9795774F28187AAF00E31768 /* ForgotPasswordView.swift in Sources */ = {isa = PBXBuildFile; fileRef = 9795774728187AAF00E31768 /* ForgotPasswordView.swift */; };
		9795775328187AFE00E31768 /* ButtonShape.swift in Sources */ = {isa = PBXBuildFile; fileRef = 9795775128187AFE00E31768 /* ButtonShape.swift */; };
		9795775428187AFE00E31768 /* TextFieldShape.swift in Sources */ = {isa = PBXBuildFile; fileRef = 9795775228187AFE00E31768 /* TextFieldShape.swift */; };
		9795775628187B5D00E31768 /* SignUp.swift in Sources */ = {isa = PBXBuildFile; fileRef = 9795775528187B5D00E31768 /* SignUp.swift */; };
		9795775828187DAD00E31768 /* GoogleService-Info.plist in Resources */ = {isa = PBXBuildFile; fileRef = 9795775728187DAD00E31768 /* GoogleService-Info.plist */; };
		97E701A0269B4FDB00CA288E /* LoginWithPhoneNumber.swift in Sources */ = {isa = PBXBuildFile; fileRef = 97E7019F269B4FDB00CA288E /* LoginWithPhoneNumber.swift */; };
		D2C079A2259813E70053EDFD /* MainApp.swift in Sources */ = {isa = PBXBuildFile; fileRef = D2C079A1259813E70053EDFD /* MainApp.swift */; };
		D2C079B2259816BD0053EDFD /* FirebaseEnv.swift in Sources */ = {isa = PBXBuildFile; fileRef = D2C079B1259816BD0053EDFD /* FirebaseEnv.swift */; };
		D2C079BE259819FD0053EDFD /* MainView.swift in Sources */ = {isa = PBXBuildFile; fileRef = D2C079BD259819FD0053EDFD /* MainView.swift */; };
		D2C079C225981BDE0053EDFD /* AuthenticationView.swift in Sources */ = {isa = PBXBuildFile; fileRef = D2C079C125981BDE0053EDFD /* AuthenticationView.swift */; };
		D2C079C725981C260053EDFD /* Home.swift in Sources */ = {isa = PBXBuildFile; fileRef = D2C079C625981C260053EDFD /* Home.swift */; };
		D2C079D6259841D10053EDFD /* ItemsEnv.swift in Sources */ = {isa = PBXBuildFile; fileRef = D2C079D5259841D10053EDFD /* ItemsEnv.swift */; };
		D2C079D9259843330053EDFD /* OptionalState.swift in Sources */ = {isa = PBXBuildFile; fileRef = D2C079D8259843330053EDFD /* OptionalState.swift */; };
		D2C26FDA24662809005E16A3 /* Assets.xcassets in Resources */ = {isa = PBXBuildFile; fileRef = D2C26FD924662809005E16A3 /* Assets.xcassets */; };
		D2C26FDD24662809005E16A3 /* Preview Assets.xcassets in Resources */ = {isa = PBXBuildFile; fileRef = D2C26FDC24662809005E16A3 /* Preview Assets.xcassets */; };
		D2C27013246628E0005E16A3 /* libsqlite3.tbd in Frameworks */ = {isa = PBXBuildFile; fileRef = D2C27012246628E0005E16A3 /* libsqlite3.tbd */; };
		D2C27015246628E5005E16A3 /* libc++.tbd in Frameworks */ = {isa = PBXBuildFile; fileRef = D2C27014246628E5005E16A3 /* libc++.tbd */; };
		D2C2704524662C63005E16A3 /* ImageLoader.swift in Sources */ = {isa = PBXBuildFile; fileRef = D2C2703A24662C5A005E16A3 /* ImageLoader.swift */; };
		D2C2704624662C63005E16A3 /* ImageUploader.swift in Sources */ = {isa = PBXBuildFile; fileRef = D2C2703B24662C5A005E16A3 /* ImageUploader.swift */; };
		D2C2704724662C63005E16A3 /* ValidatePassword.swift in Sources */ = {isa = PBXBuildFile; fileRef = D2C2703C24662C5A005E16A3 /* ValidatePassword.swift */; };
		D2C2704824662C63005E16A3 /* DateFromatter.swift in Sources */ = {isa = PBXBuildFile; fileRef = D2C2703D24662C5A005E16A3 /* DateFromatter.swift */; };
		D2C2704924662C68005E16A3 /* Codable.swift in Sources */ = {isa = PBXBuildFile; fileRef = D2C2703624662C5A005E16A3 /* Codable.swift */; };
		D2C2704A24662C68005E16A3 /* Keyboard.swift in Sources */ = {isa = PBXBuildFile; fileRef = D2C2703724662C5A005E16A3 /* Keyboard.swift */; };
		D2C2704B24662C68005E16A3 /* Optional.swift in Sources */ = {isa = PBXBuildFile; fileRef = D2C2703824662C5A005E16A3 /* Optional.swift */; };
		D2C2704C24662C6E005E16A3 /* Networking.swift in Sources */ = {isa = PBXBuildFile; fileRef = D2C2704224662C5A005E16A3 /* Networking.swift */; };
		D2C2704D24662C6E005E16A3 /* NetworkingImages.swift in Sources */ = {isa = PBXBuildFile; fileRef = D2C2704324662C5A005E16A3 /* NetworkingImages.swift */; };
		D2C2704F24662C73005E16A3 /* NetowrkableAuth.swift in Sources */ = {isa = PBXBuildFile; fileRef = D2C2704024662C5A005E16A3 /* NetowrkableAuth.swift */; };
		D2C2705024662C73005E16A3 /* NetworkingSignUp.swift in Sources */ = {isa = PBXBuildFile; fileRef = D2C2704124662C5A005E16A3 /* NetworkingSignUp.swift */; };
		D2C2705224662C9A005E16A3 /* User.swift in Sources */ = {isa = PBXBuildFile; fileRef = D2C2705124662C9A005E16A3 /* User.swift */; };
		D2C2705724662F3F005E16A3 /* Item.swift in Sources */ = {isa = PBXBuildFile; fileRef = D2C2705624662F3F005E16A3 /* Item.swift */; };
		F44A754633CD1CC597E156F9 /* Pods_FirebaseTemplate.framework in Frameworks */ = {isa = PBXBuildFile; fileRef = F46289A53C740F541F362795 /* Pods_FirebaseTemplate.framework */; };
/* End PBXBuildFile section */

/* Begin PBXFileReference section */
		9377AE6CE82235456148A2D9 /* Pods-FirebaseTemplate.release.xcconfig */ = {isa = PBXFileReference; includeInIndex = 1; lastKnownFileType = text.xcconfig; name = "Pods-FirebaseTemplate.release.xcconfig"; path = "Target Support Files/Pods-FirebaseTemplate/Pods-FirebaseTemplate.release.xcconfig"; sourceTree = "<group>"; };
		970099B92805F1B600AADBB4 /* VisualEffectView.swift */ = {isa = PBXFileReference; fileEncoding = 4; lastKnownFileType = sourcecode.swift; path = VisualEffectView.swift; sourceTree = "<group>"; };
		970135292809D6D90074BCA9 /* countries.swift */ = {isa = PBXFileReference; lastKnownFileType = sourcecode.swift; path = countries.swift; sourceTree = "<group>"; };
		9705F5AA2807C8FD007F1BD1 /* Color.swift */ = {isa = PBXFileReference; lastKnownFileType = sourcecode.swift; path = Color.swift; sourceTree = "<group>"; };
		9738CBA4280DE26B003E26B9 /* VerificationView.swift */ = {isa = PBXFileReference; lastKnownFileType = sourcecode.swift; path = VerificationView.swift; sourceTree = "<group>"; };
		9738CBA6280DE8FC003E26B9 /* customNumberPad.swift */ = {isa = PBXFileReference; lastKnownFileType = sourcecode.swift; path = customNumberPad.swift; sourceTree = "<group>"; };
		9738CBA8280DEF25003E26B9 /* AlertView.swift */ = {isa = PBXFileReference; lastKnownFileType = sourcecode.swift; path = AlertView.swift; sourceTree = "<group>"; };
		973A76CE281903D900008684 /* Header.swift */ = {isa = PBXFileReference; lastKnownFileType = sourcecode.swift; path = Header.swift; sourceTree = "<group>"; };
		973A76D02819049000008684 /* SettingsView.swift */ = {isa = PBXFileReference; lastKnownFileType = sourcecode.swift; path = SettingsView.swift; sourceTree = "<group>"; };
		973A76D2281904D300008684 /* Search.swift */ = {isa = PBXFileReference; lastKnownFileType = sourcecode.swift; path = Search.swift; sourceTree = "<group>"; };
		973A76D42819064100008684 /* FirebaseStorage.framework */ = {isa = PBXFileReference; lastKnownFileType = wrapper.framework; path = FirebaseStorage.framework; sourceTree = "<group>"; };
		973A76D52819064200008684 /* GoogleDataTransportCCTSupport.framework */ = {isa = PBXFileReference; lastKnownFileType = wrapper.framework; path = GoogleDataTransportCCTSupport.framework; sourceTree = "<group>"; };
		973A76D62819064200008684 /* BoringSSL-GRPC.framework */ = {isa = PBXFileReference; lastKnownFileType = wrapper.framework; name = "BoringSSL-GRPC.framework"; path = "../../../../BetterTemplate/Carthage/Build/iOS/BoringSSL-GRPC.framework"; sourceTree = "<group>"; };
		973A76D72819064200008684 /* GoogleDataTransport.framework */ = {isa = PBXFileReference; lastKnownFileType = wrapper.framework; name = GoogleDataTransport.framework; path = ../../../../BetterTemplate/Carthage/Build/iOS/GoogleDataTransport.framework; sourceTree = "<group>"; };
		973A76D82819064200008684 /* gRPC-Core.framework */ = {isa = PBXFileReference; lastKnownFileType = wrapper.framework; name = "gRPC-Core.framework"; path = "../../../../BetterTemplate/Carthage/Build/iOS/gRPC-Core.framework"; sourceTree = "<group>"; };
		973A76D92819064300008684 /* abseil.framework */ = {isa = PBXFileReference; lastKnownFileType = wrapper.framework; path = abseil.framework; sourceTree = "<group>"; };
		973A76DA2819064300008684 /* GoogleUtilities.framework */ = {isa = PBXFileReference; lastKnownFileType = wrapper.framework; path = GoogleUtilities.framework; sourceTree = "<group>"; };
		973A76DB2819064500008684 /* GoogleAppMeasurement.framework */ = {isa = PBXFileReference; lastKnownFileType = wrapper.framework; path = GoogleAppMeasurement.framework; sourceTree = "<group>"; };
		973A76DC2819064700008684 /* gRPC-C++.framework */ = {isa = PBXFileReference; lastKnownFileType = wrapper.framework; path = "gRPC-C++.framework"; sourceTree = "<group>"; };
		973A76DD2819064800008684 /* FirebaseCoreDiagnostics.framework */ = {isa = PBXFileReference; lastKnownFileType = wrapper.framework; path = FirebaseCoreDiagnostics.framework; sourceTree = "<group>"; };
		973A76DE2819064900008684 /* Firebase.framework */ = {isa = PBXFileReference; lastKnownFileType = wrapper.framework; path = Firebase.framework; sourceTree = "<group>"; };
		973A76DF2819064A00008684 /* FirebaseCore.framework */ = {isa = PBXFileReference; lastKnownFileType = wrapper.framework; path = FirebaseCore.framework; sourceTree = "<group>"; };
		973A76E02819064B00008684 /* FIRAnalyticsConnector.framework */ = {isa = PBXFileReference; lastKnownFileType = wrapper.framework; path = FIRAnalyticsConnector.framework; sourceTree = "<group>"; };
		973A76E12819064B00008684 /* FirebaseFirestore.framework */ = {isa = PBXFileReference; lastKnownFileType = wrapper.framework; name = FirebaseFirestore.framework; path = ../../../../BetterTemplate/Carthage/Build/iOS/FirebaseFirestore.framework; sourceTree = "<group>"; };
		973A76E22819064C00008684 /* FirebaseAuth.framework */ = {isa = PBXFileReference; lastKnownFileType = wrapper.framework; path = FirebaseAuth.framework; sourceTree = "<group>"; };
		973A76E32819064C00008684 /* GTMSessionFetcher.framework */ = {isa = PBXFileReference; lastKnownFileType = wrapper.framework; name = GTMSessionFetcher.framework; path = ../../../../BetterTemplate/Carthage/Build/iOS/GTMSessionFetcher.framework; sourceTree = "<group>"; };
		973A76E42819064D00008684 /* FirebaseAnalytics.framework */ = {isa = PBXFileReference; lastKnownFileType = wrapper.framework; path = FirebaseAnalytics.framework; sourceTree = "<group>"; };
		973A76E52819064E00008684 /* leveldb-library.framework */ = {isa = PBXFileReference; lastKnownFileType = wrapper.framework; path = "leveldb-library.framework"; sourceTree = "<group>"; };
		973A76E62819065000008684 /* nanopb.framework */ = {isa = PBXFileReference; lastKnownFileType = wrapper.framework; path = nanopb.framework; sourceTree = "<group>"; };
		973A76E72819065100008684 /* PromisesObjC.framework */ = {isa = PBXFileReference; lastKnownFileType = wrapper.framework; path = PromisesObjC.framework; sourceTree = "<group>"; };
		973A76E82819065200008684 /* FirebaseInstallations.framework */ = {isa = PBXFileReference; lastKnownFileType = wrapper.framework; path = FirebaseInstallations.framework; sourceTree = "<group>"; };
		9747459A268D087300CA3F3A /* AlertWithTextField.swift */ = {isa = PBXFileReference; lastKnownFileType = sourcecode.swift; path = AlertWithTextField.swift; sourceTree = "<group>"; };
		9761AC4228189FD900F7887D /* LaunchScreen.storyboard */ = {isa = PBXFileReference; fileEncoding = 4; lastKnownFileType = file.storyboard; path = LaunchScreen.storyboard; sourceTree = "<group>"; };
		9761AC452818A3E400F7887D /* Jomhuria-Regular.ttf */ = {isa = PBXFileReference; lastKnownFileType = file; path = "Jomhuria-Regular.ttf"; sourceTree = "<group>"; };
		9790FADD2818D98A00832534 /* String.swift */ = {isa = PBXFileReference; lastKnownFileType = sourcecode.swift; path = String.swift; sourceTree = "<group>"; };
		9795773E28187AAD00E31768 /* SignInExtension.swift */ = {isa = PBXFileReference; fileEncoding = 4; lastKnownFileType = sourcecode.swift; path = SignInExtension.swift; sourceTree = "<group>"; };
		9795773F28187AAD00E31768 /* SignIn.swift */ = {isa = PBXFileReference; fileEncoding = 4; lastKnownFileType = sourcecode.swift; path = SignIn.swift; sourceTree = "<group>"; };
		9795774028187AAD00E31768 /* SignInViewModel.swift */ = {isa = PBXFileReference; fileEncoding = 4; lastKnownFileType = sourcecode.swift; path = SignInViewModel.swift; sourceTree = "<group>"; };
		9795774228187AAE00E31768 /* SignUpViewModel.swift */ = {isa = PBXFileReference; fileEncoding = 4; lastKnownFileType = sourcecode.swift; path = SignUpViewModel.swift; sourceTree = "<group>"; };
		9795774328187AAE00E31768 /* SignUpExtesion.swift */ = {isa = PBXFileReference; fileEncoding = 4; lastKnownFileType = sourcecode.swift; path = SignUpExtesion.swift; sourceTree = "<group>"; };
		9795774528187AAF00E31768 /* ForgetPasswordExtension.swift */ = {isa = PBXFileReference; fileEncoding = 4; lastKnownFileType = sourcecode.swift; path = ForgetPasswordExtension.swift; sourceTree = "<group>"; };
		9795774628187AAF00E31768 /* ForgotPasswordViewModel.swift */ = {isa = PBXFileReference; fileEncoding = 4; lastKnownFileType = sourcecode.swift; path = ForgotPasswordViewModel.swift; sourceTree = "<group>"; };
		9795774728187AAF00E31768 /* ForgotPasswordView.swift */ = {isa = PBXFileReference; fileEncoding = 4; lastKnownFileType = sourcecode.swift; path = ForgotPasswordView.swift; sourceTree = "<group>"; };
		9795775128187AFE00E31768 /* ButtonShape.swift */ = {isa = PBXFileReference; fileEncoding = 4; lastKnownFileType = sourcecode.swift; path = ButtonShape.swift; sourceTree = "<group>"; };
		9795775228187AFE00E31768 /* TextFieldShape.swift */ = {isa = PBXFileReference; fileEncoding = 4; lastKnownFileType = sourcecode.swift; path = TextFieldShape.swift; sourceTree = "<group>"; };
		9795775528187B5D00E31768 /* SignUp.swift */ = {isa = PBXFileReference; fileEncoding = 4; lastKnownFileType = sourcecode.swift; path = SignUp.swift; sourceTree = "<group>"; };
		9795775728187DAD00E31768 /* GoogleService-Info.plist */ = {isa = PBXFileReference; fileEncoding = 4; lastKnownFileType = text.plist.xml; path = "GoogleService-Info.plist"; sourceTree = "<group>"; };
		97E7019F269B4FDB00CA288E /* LoginWithPhoneNumber.swift */ = {isa = PBXFileReference; lastKnownFileType = sourcecode.swift; path = LoginWithPhoneNumber.swift; sourceTree = "<group>"; };
		B1FD124CAB9AE9745E818900 /* Pods-FirebaseTemplate.debug.xcconfig */ = {isa = PBXFileReference; includeInIndex = 1; lastKnownFileType = text.xcconfig; name = "Pods-FirebaseTemplate.debug.xcconfig"; path = "Target Support Files/Pods-FirebaseTemplate/Pods-FirebaseTemplate.debug.xcconfig"; sourceTree = "<group>"; };
		D2C079A1259813E70053EDFD /* MainApp.swift */ = {isa = PBXFileReference; lastKnownFileType = sourcecode.swift; path = MainApp.swift; sourceTree = "<group>"; };
		D2C079B1259816BD0053EDFD /* FirebaseEnv.swift */ = {isa = PBXFileReference; lastKnownFileType = sourcecode.swift; path = FirebaseEnv.swift; sourceTree = "<group>"; };
		D2C079BD259819FD0053EDFD /* MainView.swift */ = {isa = PBXFileReference; lastKnownFileType = sourcecode.swift; path = MainView.swift; sourceTree = "<group>"; };
		D2C079C125981BDE0053EDFD /* AuthenticationView.swift */ = {isa = PBXFileReference; lastKnownFileType = sourcecode.swift; path = AuthenticationView.swift; sourceTree = "<group>"; };
		D2C079C625981C260053EDFD /* Home.swift */ = {isa = PBXFileReference; lastKnownFileType = sourcecode.swift; path = Home.swift; sourceTree = "<group>"; };
		D2C079D5259841D10053EDFD /* ItemsEnv.swift */ = {isa = PBXFileReference; lastKnownFileType = sourcecode.swift; path = ItemsEnv.swift; sourceTree = "<group>"; };
		D2C079D8259843330053EDFD /* OptionalState.swift */ = {isa = PBXFileReference; lastKnownFileType = sourcecode.swift; path = OptionalState.swift; sourceTree = "<group>"; };
		D2C26FD024662807005E16A3 /* FirebaseTemplate.app */ = {isa = PBXFileReference; explicitFileType = wrapper.application; includeInIndex = 0; path = FirebaseTemplate.app; sourceTree = BUILT_PRODUCTS_DIR; };
		D2C26FD924662809005E16A3 /* Assets.xcassets */ = {isa = PBXFileReference; lastKnownFileType = folder.assetcatalog; path = Assets.xcassets; sourceTree = "<group>"; };
		D2C26FDC24662809005E16A3 /* Preview Assets.xcassets */ = {isa = PBXFileReference; lastKnownFileType = folder.assetcatalog; path = "Preview Assets.xcassets"; sourceTree = "<group>"; };
		D2C26FE124662809005E16A3 /* Info.plist */ = {isa = PBXFileReference; lastKnownFileType = text.plist.xml; path = Info.plist; sourceTree = "<group>"; };
		D2C27012246628E0005E16A3 /* libsqlite3.tbd */ = {isa = PBXFileReference; lastKnownFileType = "sourcecode.text-based-dylib-definition"; name = libsqlite3.tbd; path = usr/lib/libsqlite3.tbd; sourceTree = SDKROOT; };
		D2C27014246628E5005E16A3 /* libc++.tbd */ = {isa = PBXFileReference; lastKnownFileType = "sourcecode.text-based-dylib-definition"; name = "libc++.tbd"; path = "usr/lib/libc++.tbd"; sourceTree = SDKROOT; };
		D2C2703624662C5A005E16A3 /* Codable.swift */ = {isa = PBXFileReference; lastKnownFileType = sourcecode.swift; path = Codable.swift; sourceTree = "<group>"; };
		D2C2703724662C5A005E16A3 /* Keyboard.swift */ = {isa = PBXFileReference; lastKnownFileType = sourcecode.swift; path = Keyboard.swift; sourceTree = "<group>"; };
		D2C2703824662C5A005E16A3 /* Optional.swift */ = {isa = PBXFileReference; lastKnownFileType = sourcecode.swift; path = Optional.swift; sourceTree = "<group>"; };
		D2C2703A24662C5A005E16A3 /* ImageLoader.swift */ = {isa = PBXFileReference; lastKnownFileType = sourcecode.swift; path = ImageLoader.swift; sourceTree = "<group>"; };
		D2C2703B24662C5A005E16A3 /* ImageUploader.swift */ = {isa = PBXFileReference; lastKnownFileType = sourcecode.swift; path = ImageUploader.swift; sourceTree = "<group>"; };
		D2C2703C24662C5A005E16A3 /* ValidatePassword.swift */ = {isa = PBXFileReference; lastKnownFileType = sourcecode.swift; path = ValidatePassword.swift; sourceTree = "<group>"; };
		D2C2703D24662C5A005E16A3 /* DateFromatter.swift */ = {isa = PBXFileReference; lastKnownFileType = sourcecode.swift; path = DateFromatter.swift; sourceTree = "<group>"; };
		D2C2704024662C5A005E16A3 /* NetowrkableAuth.swift */ = {isa = PBXFileReference; lastKnownFileType = sourcecode.swift; path = NetowrkableAuth.swift; sourceTree = "<group>"; };
		D2C2704124662C5A005E16A3 /* NetworkingSignUp.swift */ = {isa = PBXFileReference; lastKnownFileType = sourcecode.swift; path = NetworkingSignUp.swift; sourceTree = "<group>"; };
		D2C2704224662C5A005E16A3 /* Networking.swift */ = {isa = PBXFileReference; lastKnownFileType = sourcecode.swift; path = Networking.swift; sourceTree = "<group>"; };
		D2C2704324662C5A005E16A3 /* NetworkingImages.swift */ = {isa = PBXFileReference; lastKnownFileType = sourcecode.swift; path = NetworkingImages.swift; sourceTree = "<group>"; };
		D2C2705124662C9A005E16A3 /* User.swift */ = {isa = PBXFileReference; fileEncoding = 4; lastKnownFileType = sourcecode.swift; path = User.swift; sourceTree = "<group>"; };
		D2C2705624662F3F005E16A3 /* Item.swift */ = {isa = PBXFileReference; lastKnownFileType = sourcecode.swift; path = Item.swift; sourceTree = "<group>"; };
		F46289A53C740F541F362795 /* Pods_FirebaseTemplate.framework */ = {isa = PBXFileReference; explicitFileType = wrapper.framework; includeInIndex = 0; path = Pods_FirebaseTemplate.framework; sourceTree = BUILT_PRODUCTS_DIR; };
/* End PBXFileReference section */

/* Begin PBXFrameworksBuildPhase section */
		D2C26FCD24662807005E16A3 /* Frameworks */ = {
			isa = PBXFrameworksBuildPhase;
			buildActionMask = 2147483647;
			files = (
				D2C27015246628E5005E16A3 /* libc++.tbd in Frameworks */,
				973A76F22819065200008684 /* FirebaseCoreDiagnostics.framework in Frameworks */,
				973A76FB2819065200008684 /* nanopb.framework in Frameworks */,
				973A76ED2819065200008684 /* gRPC-Core.framework in Frameworks */,
				973A76F32819065200008684 /* Firebase.framework in Frameworks */,
				973A76F92819065200008684 /* FirebaseAnalytics.framework in Frameworks */,
				973A76FA2819065200008684 /* leveldb-library.framework in Frameworks */,
				973A76FC2819065200008684 /* PromisesObjC.framework in Frameworks */,
				973A76F02819065200008684 /* GoogleAppMeasurement.framework in Frameworks */,
				973A76EE2819065200008684 /* abseil.framework in Frameworks */,
				D2C27013246628E0005E16A3 /* libsqlite3.tbd in Frameworks */,
				F44A754633CD1CC597E156F9 /* Pods_FirebaseTemplate.framework in Frameworks */,
				973A76EC2819065200008684 /* GoogleDataTransport.framework in Frameworks */,
				973A76F72819065200008684 /* FirebaseAuth.framework in Frameworks */,
				973A76EA2819065200008684 /* GoogleDataTransportCCTSupport.framework in Frameworks */,
				973A76F62819065200008684 /* FirebaseFirestore.framework in Frameworks */,
				973A76F12819065200008684 /* gRPC-C++.framework in Frameworks */,
				973A76FD2819065200008684 /* FirebaseInstallations.framework in Frameworks */,
				973A76F42819065200008684 /* FirebaseCore.framework in Frameworks */,
				973A76EB2819065200008684 /* BoringSSL-GRPC.framework in Frameworks */,
				973A76F82819065200008684 /* GTMSessionFetcher.framework in Frameworks */,
				973A76EF2819065200008684 /* GoogleUtilities.framework in Frameworks */,
				973A76E92819065200008684 /* FirebaseStorage.framework in Frameworks */,
				973A76F52819065200008684 /* FIRAnalyticsConnector.framework in Frameworks */,
			);
			runOnlyForDeploymentPostprocessing = 0;
		};
/* End PBXFrameworksBuildPhase section */

/* Begin PBXGroup section */
		0078FF453CA3B91DBEF9EC0F /* Frameworks */ = {
			isa = PBXGroup;
			children = (
				D2C27014246628E5005E16A3 /* libc++.tbd */,
				D2C27012246628E0005E16A3 /* libsqlite3.tbd */,
				F46289A53C740F541F362795 /* Pods_FirebaseTemplate.framework */,
			);
			name = Frameworks;
			sourceTree = "<group>";
		};
		8378283248B71B8695152817 /* Pods */ = {
			isa = PBXGroup;
			children = (
				B1FD124CAB9AE9745E818900 /* Pods-FirebaseTemplate.debug.xcconfig */,
				9377AE6CE82235456148A2D9 /* Pods-FirebaseTemplate.release.xcconfig */,
			);
			path = Pods;
			sourceTree = "<group>";
		};
		9761AC442818A3D200F7887D /* Fonts */ = {
			isa = PBXGroup;
			children = (
				9761AC452818A3E400F7887D /* Jomhuria-Regular.ttf */,
			);
			path = Fonts;
			sourceTree = "<group>";
		};
		9795773D28187AAD00E31768 /* Sign In */ = {
			isa = PBXGroup;
			children = (
				9795773E28187AAD00E31768 /* SignInExtension.swift */,
				9795773F28187AAD00E31768 /* SignIn.swift */,
				9795774028187AAD00E31768 /* SignInViewModel.swift */,
			);
			path = "Sign In";
			sourceTree = "<group>";
		};
		9795774128187AAE00E31768 /* Sign up */ = {
			isa = PBXGroup;
			children = (
				9795775528187B5D00E31768 /* SignUp.swift */,
				9795774228187AAE00E31768 /* SignUpViewModel.swift */,
				9795774328187AAE00E31768 /* SignUpExtesion.swift */,
			);
			path = "Sign up";
			sourceTree = "<group>";
		};
		9795774428187AAF00E31768 /* forgot pass */ = {
			isa = PBXGroup;
			children = (
				9795774528187AAF00E31768 /* ForgetPasswordExtension.swift */,
				9795774628187AAF00E31768 /* ForgotPasswordViewModel.swift */,
				9795774728187AAF00E31768 /* ForgotPasswordView.swift */,
			);
			path = "forgot pass";
			sourceTree = "<group>";
		};
		9795775028187AFE00E31768 /* Components */ = {
			isa = PBXGroup;
			children = (
				9795775128187AFE00E31768 /* ButtonShape.swift */,
				973A76CE281903D900008684 /* Header.swift */,
				9795775228187AFE00E31768 /* TextFieldShape.swift */,
			);
			path = Components;
			sourceTree = "<group>";
		};
		97DE658328095A2000437456 /* PhoneNumber */ = {
			isa = PBXGroup;
			children = (
				97E7019F269B4FDB00CA288E /* LoginWithPhoneNumber.swift */,
				9738CBA4280DE26B003E26B9 /* VerificationView.swift */,
			);
			path = PhoneNumber;
			sourceTree = "<group>";
		};
		D2C079A9259815BD0053EDFD /* Views */ = {
			isa = PBXGroup;
			children = (
				D2C079BD259819FD0053EDFD /* MainView.swift */,
				973A76D2281904D300008684 /* Search.swift */,
				973A76D02819049000008684 /* SettingsView.swift */,
				D2C079C625981C260053EDFD /* Home.swift */,
				D2C079C425981C1A0053EDFD /* Authentication */,
			);
			path = Views;
			sourceTree = "<group>";
		};
		D2C079B0259816AA0053EDFD /* Environments */ = {
			isa = PBXGroup;
			children = (
				D2C079B1259816BD0053EDFD /* FirebaseEnv.swift */,
				D2C079D5259841D10053EDFD /* ItemsEnv.swift */,
			);
			path = Environments;
			sourceTree = "<group>";
		};
		D2C079C425981C1A0053EDFD /* Authentication */ = {
			isa = PBXGroup;
			children = (
				D2C079C125981BDE0053EDFD /* AuthenticationView.swift */,
				9795774428187AAF00E31768 /* forgot pass */,
				9795773D28187AAD00E31768 /* Sign In */,
				9795774128187AAE00E31768 /* Sign up */,
				97DE658328095A2000437456 /* PhoneNumber */,
			);
			path = Authentication;
			sourceTree = "<group>";
		};
		D2C26FC724662807005E16A3 = {
			isa = PBXGroup;
			children = (
				D2C26FE7246628B8005E16A3 /* iOS */,
				D2C26FD224662807005E16A3 /* FirebaseTemplate */,
				D2C26FD124662807005E16A3 /* Products */,
				8378283248B71B8695152817 /* Pods */,
				0078FF453CA3B91DBEF9EC0F /* Frameworks */,
			);
			sourceTree = "<group>";
		};
		D2C26FD124662807005E16A3 /* Products */ = {
			isa = PBXGroup;
			children = (
				D2C26FD024662807005E16A3 /* FirebaseTemplate.app */,
			);
			name = Products;
			sourceTree = "<group>";
		};
		D2C26FD224662807005E16A3 /* FirebaseTemplate */ = {
			isa = PBXGroup;
			children = (
				9795775728187DAD00E31768 /* GoogleService-Info.plist */,
				D2C079A1259813E70053EDFD /* MainApp.swift */,
				D2C079A9259815BD0053EDFD /* Views */,
				9795775028187AFE00E31768 /* Components */,
				D2C079B0259816AA0053EDFD /* Environments */,
				D2C2705324662CAA005E16A3 /* Models */,
				D2C2703E24662C5A005E16A3 /* Networking */,
				D2C2703924662C5A005E16A3 /* Helpers */,
				D2C2703524662C5A005E16A3 /* Extensions */,
				9761AC442818A3D200F7887D /* Fonts */,
				D2C26FD924662809005E16A3 /* Assets.xcassets */,
				9761AC4228189FD900F7887D /* LaunchScreen.storyboard */,
				D2C26FE124662809005E16A3 /* Info.plist */,
				D2C26FDB24662809005E16A3 /* Preview Content */,
			);
			path = FirebaseTemplate;
			sourceTree = "<group>";
		};
		D2C26FDB24662809005E16A3 /* Preview Content */ = {
			isa = PBXGroup;
			children = (
				D2C26FDC24662809005E16A3 /* Preview Assets.xcassets */,
			);
			path = "Preview Content";
			sourceTree = "<group>";
		};
		D2C26FE7246628B8005E16A3 /* iOS */ = {
			isa = PBXGroup;
			children = (
				973A76D92819064300008684 /* abseil.framework */,
				973A76D62819064200008684 /* BoringSSL-GRPC.framework */,
				973A76E02819064B00008684 /* FIRAnalyticsConnector.framework */,
				973A76DE2819064900008684 /* Firebase.framework */,
				973A76E42819064D00008684 /* FirebaseAnalytics.framework */,
				973A76E22819064C00008684 /* FirebaseAuth.framework */,
				973A76DF2819064A00008684 /* FirebaseCore.framework */,
				973A76DD2819064800008684 /* FirebaseCoreDiagnostics.framework */,
				973A76E12819064B00008684 /* FirebaseFirestore.framework */,
				973A76E82819065200008684 /* FirebaseInstallations.framework */,
				973A76D42819064100008684 /* FirebaseStorage.framework */,
				973A76DB2819064500008684 /* GoogleAppMeasurement.framework */,
				973A76D72819064200008684 /* GoogleDataTransport.framework */,
				973A76D52819064200008684 /* GoogleDataTransportCCTSupport.framework */,
				973A76DA2819064300008684 /* GoogleUtilities.framework */,
				973A76DC2819064700008684 /* gRPC-C++.framework */,
				973A76D82819064200008684 /* gRPC-Core.framework */,
				973A76E32819064C00008684 /* GTMSessionFetcher.framework */,
				973A76E52819064E00008684 /* leveldb-library.framework */,
				973A76E62819065000008684 /* nanopb.framework */,
				973A76E72819065100008684 /* PromisesObjC.framework */,
			);
			name = iOS;
			path = Carthage/Build/iOS;
			sourceTree = "<group>";
		};
		D2C2703524662C5A005E16A3 /* Extensions */ = {
			isa = PBXGroup;
			children = (
				D2C2703624662C5A005E16A3 /* Codable.swift */,
				D2C2703724662C5A005E16A3 /* Keyboard.swift */,
				D2C2703824662C5A005E16A3 /* Optional.swift */,
				9705F5AA2807C8FD007F1BD1 /* Color.swift */,
				9790FADD2818D98A00832534 /* String.swift */,
			);
			path = Extensions;
			sourceTree = "<group>";
		};
		D2C2703924662C5A005E16A3 /* Helpers */ = {
			isa = PBXGroup;
			children = (
				D2C2703A24662C5A005E16A3 /* ImageLoader.swift */,
				9738CBA6280DE8FC003E26B9 /* customNumberPad.swift */,
				D2C2703B24662C5A005E16A3 /* ImageUploader.swift */,
				9738CBA8280DEF25003E26B9 /* AlertView.swift */,
				D2C2703C24662C5A005E16A3 /* ValidatePassword.swift */,
				D2C2703D24662C5A005E16A3 /* DateFromatter.swift */,
				970099B92805F1B600AADBB4 /* VisualEffectView.swift */,
				9747459A268D087300CA3F3A /* AlertWithTextField.swift */,
				D2C079D8259843330053EDFD /* OptionalState.swift */,
			);
			path = Helpers;
			sourceTree = "<group>";
		};
		D2C2703E24662C5A005E16A3 /* Networking */ = {
			isa = PBXGroup;
			children = (
				D2C2703F24662C5A005E16A3 /* Auth */,
				D2C2704224662C5A005E16A3 /* Networking.swift */,
				D2C2704324662C5A005E16A3 /* NetworkingImages.swift */,
			);
			path = Networking;
			sourceTree = "<group>";
		};
		D2C2703F24662C5A005E16A3 /* Auth */ = {
			isa = PBXGroup;
			children = (
				D2C2704024662C5A005E16A3 /* NetowrkableAuth.swift */,
				D2C2704124662C5A005E16A3 /* NetworkingSignUp.swift */,
			);
			path = Auth;
			sourceTree = "<group>";
		};
		D2C2705324662CAA005E16A3 /* Models */ = {
			isa = PBXGroup;
			children = (
				D2C2705124662C9A005E16A3 /* User.swift */,
				D2C2705624662F3F005E16A3 /* Item.swift */,
				970135292809D6D90074BCA9 /* countries.swift */,
			);
			path = Models;
			sourceTree = "<group>";
		};
/* End PBXGroup section */

/* Begin PBXNativeTarget section */
		D2C26FCF24662807005E16A3 /* FirebaseTemplate */ = {
			isa = PBXNativeTarget;
			buildConfigurationList = D2C26FE424662809005E16A3 /* Build configuration list for PBXNativeTarget "FirebaseTemplate" */;
			buildPhases = (
				B8712BF3409238074BA0C021 /* [CP] Check Pods Manifest.lock */,
				D2C26FCC24662807005E16A3 /* Sources */,
				D2C26FCD24662807005E16A3 /* Frameworks */,
				D2C26FCE24662807005E16A3 /* Resources */,
				9E83C13E78A8D963E9A3A259 /* [CP] Embed Pods Frameworks */,
			);
			buildRules = (
			);
			dependencies = (
			);
			name = FirebaseTemplate;
			productName = FirebaseTemplate;
			productReference = D2C26FD024662807005E16A3 /* FirebaseTemplate.app */;
			productType = "com.apple.product-type.application";
		};
/* End PBXNativeTarget section */

/* Begin PBXProject section */
		D2C26FC824662807005E16A3 /* Project object */ = {
			isa = PBXProject;
			attributes = {
				LastSwiftUpdateCheck = 1140;
				LastUpgradeCheck = 1140;
				ORGANIZATIONNAME = OMAR;
				TargetAttributes = {
					D2C26FCF24662807005E16A3 = {
						CreatedOnToolsVersion = 11.4;
					};
				};
			};
			buildConfigurationList = D2C26FCB24662807005E16A3 /* Build configuration list for PBXProject "FirebaseTemplate" */;
			compatibilityVersion = "Xcode 9.3";
			developmentRegion = en;
			hasScannedForEncodings = 0;
			knownRegions = (
				en,
				Base,
			);
			mainGroup = D2C26FC724662807005E16A3;
			productRefGroup = D2C26FD124662807005E16A3 /* Products */;
			projectDirPath = "";
			projectRoot = "";
			targets = (
				D2C26FCF24662807005E16A3 /* FirebaseTemplate */,
			);
		};
/* End PBXProject section */

/* Begin PBXResourcesBuildPhase section */
		D2C26FCE24662807005E16A3 /* Resources */ = {
			isa = PBXResourcesBuildPhase;
			buildActionMask = 2147483647;
			files = (
				9761AC462818A3E400F7887D /* Jomhuria-Regular.ttf in Resources */,
				D2C26FDD24662809005E16A3 /* Preview Assets.xcassets in Resources */,
				9761AC4328189FD900F7887D /* LaunchScreen.storyboard in Resources */,
				D2C26FDA24662809005E16A3 /* Assets.xcassets in Resources */,
				9795775828187DAD00E31768 /* GoogleService-Info.plist in Resources */,
			);
			runOnlyForDeploymentPostprocessing = 0;
		};
/* End PBXResourcesBuildPhase section */

/* Begin PBXShellScriptBuildPhase section */
		9E83C13E78A8D963E9A3A259 /* [CP] Embed Pods Frameworks */ = {
			isa = PBXShellScriptBuildPhase;
			buildActionMask = 2147483647;
			files = (
			);
			inputFileListPaths = (
				"${PODS_ROOT}/Target Support Files/Pods-FirebaseTemplate/Pods-FirebaseTemplate-frameworks-${CONFIGURATION}-input-files.xcfilelist",
			);
			name = "[CP] Embed Pods Frameworks";
			outputFileListPaths = (
				"${PODS_ROOT}/Target Support Files/Pods-FirebaseTemplate/Pods-FirebaseTemplate-frameworks-${CONFIGURATION}-output-files.xcfilelist",
			);
			runOnlyForDeploymentPostprocessing = 0;
			shellPath = /bin/sh;
			shellScript = "\"${PODS_ROOT}/Target Support Files/Pods-FirebaseTemplate/Pods-FirebaseTemplate-frameworks.sh\"\n";
			showEnvVarsInLog = 0;
		};
		B8712BF3409238074BA0C021 /* [CP] Check Pods Manifest.lock */ = {
			isa = PBXShellScriptBuildPhase;
			buildActionMask = 2147483647;
			files = (
			);
			inputFileListPaths = (
			);
			inputPaths = (
				"${PODS_PODFILE_DIR_PATH}/Podfile.lock",
				"${PODS_ROOT}/Manifest.lock",
			);
			name = "[CP] Check Pods Manifest.lock";
			outputFileListPaths = (
			);
			outputPaths = (
				"$(DERIVED_FILE_DIR)/Pods-FirebaseTemplate-checkManifestLockResult.txt",
			);
			runOnlyForDeploymentPostprocessing = 0;
			shellPath = /bin/sh;
			shellScript = "diff \"${PODS_PODFILE_DIR_PATH}/Podfile.lock\" \"${PODS_ROOT}/Manifest.lock\" > /dev/null\nif [ $? != 0 ] ; then\n    # print error to STDERR\n    echo \"error: The sandbox is not in sync with the Podfile.lock. Run 'pod install' or update your CocoaPods installation.\" >&2\n    exit 1\nfi\n# This output is used by Xcode 'outputs' to avoid re-running this script phase.\necho \"SUCCESS\" > \"${SCRIPT_OUTPUT_FILE_0}\"\n";
			showEnvVarsInLog = 0;
		};
/* End PBXShellScriptBuildPhase section */

/* Begin PBXSourcesBuildPhase section */
		D2C26FCC24662807005E16A3 /* Sources */ = {
			isa = PBXSourcesBuildPhase;
			buildActionMask = 2147483647;
			files = (
				D2C2704C24662C6E005E16A3 /* Networking.swift in Sources */,
				9795775328187AFE00E31768 /* ButtonShape.swift in Sources */,
				973A76D3281904D300008684 /* Search.swift in Sources */,
				D2C079BE259819FD0053EDFD /* MainView.swift in Sources */,
				9795775428187AFE00E31768 /* TextFieldShape.swift in Sources */,
				9747459B268D087300CA3F3A /* AlertWithTextField.swift in Sources */,
				9795774B28187AAF00E31768 /* SignUpViewModel.swift in Sources */,
				D2C079C725981C260053EDFD /* Home.swift in Sources */,
				D2C2705724662F3F005E16A3 /* Item.swift in Sources */,
				D2C079D9259843330053EDFD /* OptionalState.swift in Sources */,
				9795775628187B5D00E31768 /* SignUp.swift in Sources */,
				9795774D28187AAF00E31768 /* ForgetPasswordExtension.swift in Sources */,
				D2C2704B24662C68005E16A3 /* Optional.swift in Sources */,
				970099BA2805F1B600AADBB4 /* VisualEffectView.swift in Sources */,
				97E701A0269B4FDB00CA288E /* LoginWithPhoneNumber.swift in Sources */,
				D2C079A2259813E70053EDFD /* MainApp.swift in Sources */,
				D2C2704924662C68005E16A3 /* Codable.swift in Sources */,
				D2C2704724662C63005E16A3 /* ValidatePassword.swift in Sources */,
				9795774E28187AAF00E31768 /* ForgotPasswordViewModel.swift in Sources */,
				9795774F28187AAF00E31768 /* ForgotPasswordView.swift in Sources */,
				9738CBA9280DEF25003E26B9 /* AlertView.swift in Sources */,
				D2C079B2259816BD0053EDFD /* FirebaseEnv.swift in Sources */,
				973A76D12819049000008684 /* SettingsView.swift in Sources */,
				9738CBA5280DE26B003E26B9 /* VerificationView.swift in Sources */,
				9790FADE2818D98A00832534 /* String.swift in Sources */,
				9701352A2809D6D90074BCA9 /* countries.swift in Sources */,
				D2C079D6259841D10053EDFD /* ItemsEnv.swift in Sources */,
				D2C2704A24662C68005E16A3 /* Keyboard.swift in Sources */,
				973A76CF281903D900008684 /* Header.swift in Sources */,
				9738CBA7280DE8FC003E26B9 /* customNumberPad.swift in Sources */,
				9705F5AB2807C8FD007F1BD1 /* Color.swift in Sources */,
				D2C2704624662C63005E16A3 /* ImageUploader.swift in Sources */,
				9795774828187AAF00E31768 /* SignInExtension.swift in Sources */,
				D2C2705224662C9A005E16A3 /* User.swift in Sources */,
				D2C079C225981BDE0053EDFD /* AuthenticationView.swift in Sources */,
				9795774C28187AAF00E31768 /* SignUpExtesion.swift in Sources */,
				D2C2705024662C73005E16A3 /* NetworkingSignUp.swift in Sources */,
				D2C2704524662C63005E16A3 /* ImageLoader.swift in Sources */,
				D2C2704824662C63005E16A3 /* DateFromatter.swift in Sources */,
				9795774A28187AAF00E31768 /* SignInViewModel.swift in Sources */,
				9795774928187AAF00E31768 /* SignIn.swift in Sources */,
				D2C2704F24662C73005E16A3 /* NetowrkableAuth.swift in Sources */,
				D2C2704D24662C6E005E16A3 /* NetworkingImages.swift in Sources */,
			);
			runOnlyForDeploymentPostprocessing = 0;
		};
/* End PBXSourcesBuildPhase section */

/* Begin XCBuildConfiguration section */
		D2C26FE224662809005E16A3 /* Debug */ = {
			isa = XCBuildConfiguration;
			buildSettings = {
				ALWAYS_SEARCH_USER_PATHS = NO;
				CLANG_ANALYZER_NONNULL = YES;
				CLANG_ANALYZER_NUMBER_OBJECT_CONVERSION = YES_AGGRESSIVE;
				CLANG_CXX_LANGUAGE_STANDARD = "gnu++14";
				CLANG_CXX_LIBRARY = "libc++";
				CLANG_ENABLE_MODULES = YES;
				CLANG_ENABLE_OBJC_ARC = YES;
				CLANG_ENABLE_OBJC_WEAK = YES;
				CLANG_WARN_BLOCK_CAPTURE_AUTORELEASING = YES;
				CLANG_WARN_BOOL_CONVERSION = YES;
				CLANG_WARN_COMMA = YES;
				CLANG_WARN_CONSTANT_CONVERSION = YES;
				CLANG_WARN_DEPRECATED_OBJC_IMPLEMENTATIONS = YES;
				CLANG_WARN_DIRECT_OBJC_ISA_USAGE = YES_ERROR;
				CLANG_WARN_DOCUMENTATION_COMMENTS = YES;
				CLANG_WARN_EMPTY_BODY = YES;
				CLANG_WARN_ENUM_CONVERSION = YES;
				CLANG_WARN_INFINITE_RECURSION = YES;
				CLANG_WARN_INT_CONVERSION = YES;
				CLANG_WARN_NON_LITERAL_NULL_CONVERSION = YES;
				CLANG_WARN_OBJC_IMPLICIT_RETAIN_SELF = YES;
				CLANG_WARN_OBJC_LITERAL_CONVERSION = YES;
				CLANG_WARN_OBJC_ROOT_CLASS = YES_ERROR;
				CLANG_WARN_RANGE_LOOP_ANALYSIS = YES;
				CLANG_WARN_STRICT_PROTOTYPES = YES;
				CLANG_WARN_SUSPICIOUS_MOVE = YES;
				CLANG_WARN_UNGUARDED_AVAILABILITY = YES_AGGRESSIVE;
				CLANG_WARN_UNREACHABLE_CODE = YES;
				CLANG_WARN__DUPLICATE_METHOD_MATCH = YES;
				COPY_PHASE_STRIP = NO;
				DEBUG_INFORMATION_FORMAT = dwarf;
				ENABLE_STRICT_OBJC_MSGSEND = YES;
				ENABLE_TESTABILITY = YES;
				GCC_C_LANGUAGE_STANDARD = gnu11;
				GCC_DYNAMIC_NO_PIC = NO;
				GCC_NO_COMMON_BLOCKS = YES;
				GCC_OPTIMIZATION_LEVEL = 0;
				GCC_PREPROCESSOR_DEFINITIONS = (
					"DEBUG=1",
					"$(inherited)",
				);
				GCC_WARN_64_TO_32_BIT_CONVERSION = YES;
				GCC_WARN_ABOUT_RETURN_TYPE = YES_ERROR;
				GCC_WARN_UNDECLARED_SELECTOR = YES;
				GCC_WARN_UNINITIALIZED_AUTOS = YES_AGGRESSIVE;
				GCC_WARN_UNUSED_FUNCTION = YES;
				GCC_WARN_UNUSED_VARIABLE = YES;
				IPHONEOS_DEPLOYMENT_TARGET = 14.0;
				MTL_ENABLE_DEBUG_INFO = INCLUDE_SOURCE;
				MTL_FAST_MATH = YES;
				ONLY_ACTIVE_ARCH = YES;
				SDKROOT = iphoneos;
				SWIFT_ACTIVE_COMPILATION_CONDITIONS = DEBUG;
				SWIFT_OPTIMIZATION_LEVEL = "-Onone";
			};
			name = Debug;
		};
		D2C26FE324662809005E16A3 /* Release */ = {
			isa = XCBuildConfiguration;
			buildSettings = {
				ALWAYS_SEARCH_USER_PATHS = NO;
				CLANG_ANALYZER_NONNULL = YES;
				CLANG_ANALYZER_NUMBER_OBJECT_CONVERSION = YES_AGGRESSIVE;
				CLANG_CXX_LANGUAGE_STANDARD = "gnu++14";
				CLANG_CXX_LIBRARY = "libc++";
				CLANG_ENABLE_MODULES = YES;
				CLANG_ENABLE_OBJC_ARC = YES;
				CLANG_ENABLE_OBJC_WEAK = YES;
				CLANG_WARN_BLOCK_CAPTURE_AUTORELEASING = YES;
				CLANG_WARN_BOOL_CONVERSION = YES;
				CLANG_WARN_COMMA = YES;
				CLANG_WARN_CONSTANT_CONVERSION = YES;
				CLANG_WARN_DEPRECATED_OBJC_IMPLEMENTATIONS = YES;
				CLANG_WARN_DIRECT_OBJC_ISA_USAGE = YES_ERROR;
				CLANG_WARN_DOCUMENTATION_COMMENTS = YES;
				CLANG_WARN_EMPTY_BODY = YES;
				CLANG_WARN_ENUM_CONVERSION = YES;
				CLANG_WARN_INFINITE_RECURSION = YES;
				CLANG_WARN_INT_CONVERSION = YES;
				CLANG_WARN_NON_LITERAL_NULL_CONVERSION = YES;
				CLANG_WARN_OBJC_IMPLICIT_RETAIN_SELF = YES;
				CLANG_WARN_OBJC_LITERAL_CONVERSION = YES;
				CLANG_WARN_OBJC_ROOT_CLASS = YES_ERROR;
				CLANG_WARN_RANGE_LOOP_ANALYSIS = YES;
				CLANG_WARN_STRICT_PROTOTYPES = YES;
				CLANG_WARN_SUSPICIOUS_MOVE = YES;
				CLANG_WARN_UNGUARDED_AVAILABILITY = YES_AGGRESSIVE;
				CLANG_WARN_UNREACHABLE_CODE = YES;
				CLANG_WARN__DUPLICATE_METHOD_MATCH = YES;
				COPY_PHASE_STRIP = NO;
				DEBUG_INFORMATION_FORMAT = "dwarf-with-dsym";
				ENABLE_NS_ASSERTIONS = NO;
				ENABLE_STRICT_OBJC_MSGSEND = YES;
				GCC_C_LANGUAGE_STANDARD = gnu11;
				GCC_NO_COMMON_BLOCKS = YES;
				GCC_WARN_64_TO_32_BIT_CONVERSION = YES;
				GCC_WARN_ABOUT_RETURN_TYPE = YES_ERROR;
				GCC_WARN_UNDECLARED_SELECTOR = YES;
				GCC_WARN_UNINITIALIZED_AUTOS = YES_AGGRESSIVE;
				GCC_WARN_UNUSED_FUNCTION = YES;
				GCC_WARN_UNUSED_VARIABLE = YES;
				IPHONEOS_DEPLOYMENT_TARGET = 14.0;
				MTL_ENABLE_DEBUG_INFO = NO;
				MTL_FAST_MATH = YES;
				SDKROOT = iphoneos;
				SWIFT_COMPILATION_MODE = wholemodule;
				SWIFT_OPTIMIZATION_LEVEL = "-O";
				VALIDATE_PRODUCT = YES;
			};
			name = Release;
		};
		D2C26FE524662809005E16A3 /* Debug */ = {
			isa = XCBuildConfiguration;
			baseConfigurationReference = B1FD124CAB9AE9745E818900 /* Pods-FirebaseTemplate.debug.xcconfig */;
			buildSettings = {
				ASSETCATALOG_COMPILER_APPICON_NAME = AppIcon;
				CODE_SIGN_STYLE = Automatic;
				DEVELOPMENT_ASSET_PATHS = "\"FirebaseTemplate/Preview Content\"";
				DEVELOPMENT_TEAM = C89Y3B6NMY;
				ENABLE_BITCODE = NO;
				ENABLE_PREVIEWS = YES;
				FRAMEWORK_SEARCH_PATHS = (
					"$(inherited)",
					"$(PROJECT_DIR)/Carthage/Build/iOS",
				);
				INFOPLIST_FILE = FirebaseTemplate/Info.plist;
				IPHONEOS_DEPLOYMENT_TARGET = 14.1;
				LD_RUNPATH_SEARCH_PATHS = (
					"$(inherited)",
					"@executable_path/Frameworks",
				);
				OTHER_LDFLAGS = (
					"$(inherited)",
					"-framework",
					"\"CodableFirebase\"",
					"$(OTHER_LDFLAGS)",
					"-ObjC",
				);
				PRODUCT_BUNDLE_IDENTIFIER = com.husalmous.myHealth;
				PRODUCT_NAME = "$(TARGET_NAME)";
				SWIFT_VERSION = 5.0;
				TARGETED_DEVICE_FAMILY = 1;
			};
			name = Debug;
		};
		D2C26FE624662809005E16A3 /* Release */ = {
			isa = XCBuildConfiguration;
			baseConfigurationReference = 9377AE6CE82235456148A2D9 /* Pods-FirebaseTemplate.release.xcconfig */;
			buildSettings = {
				ASSETCATALOG_COMPILER_APPICON_NAME = AppIcon;
				CODE_SIGN_STYLE = Automatic;
				DEVELOPMENT_ASSET_PATHS = "\"FirebaseTemplate/Preview Content\"";
				DEVELOPMENT_TEAM = C89Y3B6NMY;
				ENABLE_BITCODE = NO;
				ENABLE_PREVIEWS = YES;
				FRAMEWORK_SEARCH_PATHS = (
					"$(inherited)",
					"$(PROJECT_DIR)/Carthage/Build/iOS",
				);
				INFOPLIST_FILE = FirebaseTemplate/Info.plist;
				IPHONEOS_DEPLOYMENT_TARGET = 14.1;
				LD_RUNPATH_SEARCH_PATHS = (
					"$(inherited)",
					"@executable_path/Frameworks",
				);
				OTHER_LDFLAGS = (
					"$(inherited)",
					"-framework",
					"\"CodableFirebase\"",
					"$(OTHER_LDFLAGS)",
					"-ObjC",
				);
				PRODUCT_BUNDLE_IDENTIFIER = com.husalmous.myHealth;
				PRODUCT_NAME = "$(TARGET_NAME)";
				SWIFT_VERSION = 5.0;
				TARGETED_DEVICE_FAMILY = 1;
			};
			name = Release;
		};
/* End XCBuildConfiguration section */

/* Begin XCConfigurationList section */
		D2C26FCB24662807005E16A3 /* Build configuration list for PBXProject "FirebaseTemplate" */ = {
			isa = XCConfigurationList;
			buildConfigurations = (
				D2C26FE224662809005E16A3 /* Debug */,
				D2C26FE324662809005E16A3 /* Release */,
			);
			defaultConfigurationIsVisible = 0;
			defaultConfigurationName = Release;
		};
		D2C26FE424662809005E16A3 /* Build configuration list for PBXNativeTarget "FirebaseTemplate" */ = {
			isa = XCConfigurationList;
			buildConfigurations = (
				D2C26FE524662809005E16A3 /* Debug */,
				D2C26FE624662809005E16A3 /* Release */,
			);
			defaultConfigurationIsVisible = 0;
			defaultConfigurationName = Release;
		};
/* End XCConfigurationList section */
	};
	rootObject = D2C26FC824662807005E16A3 /* Project object */;
}
